
Microsoft Visual Studio Solution File, Format Version 12.00
# Visual Studio Version 17
VisualStudioVersion = 17.4.33110.190
MinimumVisualStudioVersion = 10.0.40219.1
Project("{FAE04EC0-301F-11D3-BF4B-00C04F79EFBC}") = "Day1", "Day1\Day1.csproj", "{E4F29BA8-C0F9-4FF4-A824-D1A87BF74446}"
EndProject
Project("{2150E333-8FDC-42A3-9474-1A3956D46DE8}") = "Solution", "Solution", "{BD6CEC5F-A80F-4BB6-BCBF-F4809971B456}"
	ProjectSection(SolutionItems) = preProject
		.editorconfig = .editorconfig
		RunAll.ps1 = RunAll.ps1
	EndProjectSection
EndProject
Project("{FAE04EC0-301F-11D3-BF4B-00C04F79EFBC}") = "Day2", "Day2\Day2.csproj", "{46677DE9-D112-467B-B480-11CB9BB2F1A8}"
EndProject
Project("{FAE04EC0-301F-11D3-BF4B-00C04F79EFBC}") = "Day3", "Day3\Day3.csproj", "{A605ABCF-65C5-4471-873C-0E09BBD0CB21}"
EndProject
Project("{FAE04EC0-301F-11D3-BF4B-00C04F79EFBC}") = "Day4", "Day4\Day4.csproj", "{C345D0FF-0C3B-4C05-B9A7-6F5277B006D2}"
EndProject
Project("{FAE04EC0-301F-11D3-BF4B-00C04F79EFBC}") = "Common", "Common\Common.csproj", "{DB2A352B-16A3-4900-87BD-983733F0A108}"
EndProject
Project("{FAE04EC0-301F-11D3-BF4B-00C04F79EFBC}") = "Day5", "Day5\Day5.csproj", "{9F041F6E-9DFF-4050-BD95-A3F2C4CBDCBC}"
EndProject
Project("{FAE04EC0-301F-11D3-BF4B-00C04F79EFBC}") = "Day6", "Day6\Day6.csproj", "{72E94DE6-F0C0-44C0-8477-42CA142BD3EB}"
EndProject
Project("{FAE04EC0-301F-11D3-BF4B-00C04F79EFBC}") = "Day7", "Day7\Day7.csproj", "{056C6EEB-1C1F-4A15-B549-10B8F17EC226}"
EndProject
Project("{FAE04EC0-301F-11D3-BF4B-00C04F79EFBC}") = "Day8", "Day8\Day8.csproj", "{CEAF80AA-F145-4E50-800B-3364FB21830B}"
EndProject
Project("{FAE04EC0-301F-11D3-BF4B-00C04F79EFBC}") = "Day9", "Day9\Day9.csproj", "{A683E605-6260-4371-AAD5-1EF7E32DE966}"
EndProject
Global
	GlobalSection(SolutionConfigurationPlatforms) = preSolution
		Debug|Any CPU = Debug|Any CPU
		Release|Any CPU = Release|Any CPU
	EndGlobalSection
	GlobalSection(ProjectConfigurationPlatforms) = postSolution
		{E4F29BA8-C0F9-4FF4-A824-D1A87BF74446}.Debug|Any CPU.ActiveCfg = Debug|Any CPU
		{E4F29BA8-C0F9-4FF4-A824-D1A87BF74446}.Debug|Any CPU.Build.0 = Debug|Any CPU
		{E4F29BA8-C0F9-4FF4-A824-D1A87BF74446}.Release|Any CPU.ActiveCfg = Release|Any CPU
		{E4F29BA8-C0F9-4FF4-A824-D1A87BF74446}.Release|Any CPU.Build.0 = Release|Any CPU
		{46677DE9-D112-467B-B480-11CB9BB2F1A8}.Debug|Any CPU.ActiveCfg = Debug|Any CPU
		{46677DE9-D112-467B-B480-11CB9BB2F1A8}.Debug|Any CPU.Build.0 = Debug|Any CPU
		{46677DE9-D112-467B-B480-11CB9BB2F1A8}.Release|Any CPU.ActiveCfg = Release|Any CPU
		{46677DE9-D112-467B-B480-11CB9BB2F1A8}.Release|Any CPU.Build.0 = Release|Any CPU
		{A605ABCF-65C5-4471-873C-0E09BBD0CB21}.Debug|Any CPU.ActiveCfg = Debug|Any CPU
		{A605ABCF-65C5-4471-873C-0E09BBD0CB21}.Debug|Any CPU.Build.0 = Debug|Any CPU
		{A605ABCF-65C5-4471-873C-0E09BBD0CB21}.Release|Any CPU.ActiveCfg = Release|Any CPU
		{A605ABCF-65C5-4471-873C-0E09BBD0CB21}.Release|Any CPU.Build.0 = Release|Any CPU
		{C345D0FF-0C3B-4C05-B9A7-6F5277B006D2}.Debug|Any CPU.ActiveCfg = Debug|Any CPU
		{C345D0FF-0C3B-4C05-B9A7-6F5277B006D2}.Debug|Any CPU.Build.0 = Debug|Any CPU
		{C345D0FF-0C3B-4C05-B9A7-6F5277B006D2}.Release|Any CPU.ActiveCfg = Release|Any CPU
		{C345D0FF-0C3B-4C05-B9A7-6F5277B006D2}.Release|Any CPU.Build.0 = Release|Any CPU
		{DB2A352B-16A3-4900-87BD-983733F0A108}.Debug|Any CPU.ActiveCfg = Debug|Any CPU
		{DB2A352B-16A3-4900-87BD-983733F0A108}.Debug|Any CPU.Build.0 = Debug|Any CPU
		{DB2A352B-16A3-4900-87BD-983733F0A108}.Release|Any CPU.ActiveCfg = Release|Any CPU
		{DB2A352B-16A3-4900-87BD-983733F0A108}.Release|Any CPU.Build.0 = Release|Any CPU
		{9F041F6E-9DFF-4050-BD95-A3F2C4CBDCBC}.Debug|Any CPU.ActiveCfg = Debug|Any CPU
		{9F041F6E-9DFF-4050-BD95-A3F2C4CBDCBC}.Debug|Any CPU.Build.0 = Debug|Any CPU
		{9F041F6E-9DFF-4050-BD95-A3F2C4CBDCBC}.Release|Any CPU.ActiveCfg = Release|Any CPU
		{9F041F6E-9DFF-4050-BD95-A3F2C4CBDCBC}.Release|Any CPU.Build.0 = Release|Any CPU
		{72E94DE6-F0C0-44C0-8477-42CA142BD3EB}.Debug|Any CPU.ActiveCfg = Debug|Any CPU
		{72E94DE6-F0C0-44C0-8477-42CA142BD3EB}.Debug|Any CPU.Build.0 = Debug|Any CPU
		{72E94DE6-F0C0-44C0-8477-42CA142BD3EB}.Release|Any CPU.ActiveCfg = Release|Any CPU
		{72E94DE6-F0C0-44C0-8477-42CA142BD3EB}.Release|Any CPU.Build.0 = Release|Any CPU
		{056C6EEB-1C1F-4A15-B549-10B8F17EC226}.Debug|Any CPU.ActiveCfg = Debug|Any CPU
		{056C6EEB-1C1F-4A15-B549-10B8F17EC226}.Debug|Any CPU.Build.0 = Debug|Any CPU
		{056C6EEB-1C1F-4A15-B549-10B8F17EC226}.Release|Any CPU.ActiveCfg = Release|Any CPU
		{056C6EEB-1C1F-4A15-B549-10B8F17EC226}.Release|Any CPU.Build.0 = Release|Any CPU
		{CEAF80AA-F145-4E50-800B-3364FB21830B}.Debug|Any CPU.ActiveCfg = Debug|Any CPU
		{CEAF80AA-F145-4E50-800B-3364FB21830B}.Debug|Any CPU.Build.0 = Debug|Any CPU
		{CEAF80AA-F145-4E50-800B-3364FB21830B}.Release|Any CPU.ActiveCfg = Release|Any CPU
		{CEAF80AA-F145-4E50-800B-3364FB21830B}.Release|Any CPU.Build.0 = Release|Any CPU
		{A683E605-6260-4371-AAD5-1EF7E32DE966}.Debug|Any CPU.ActiveCfg = Debug|Any CPU
		{A683E605-6260-4371-AAD5-1EF7E32DE966}.Debug|Any CPU.Build.0 = Debug|Any CPU
		{A683E605-6260-4371-AAD5-1EF7E32DE966}.Release|Any CPU.ActiveCfg = Release|Any CPU
		{A683E605-6260-4371-AAD5-1EF7E32DE966}.Release|Any CPU.Build.0 = Release|Any CPU
	EndGlobalSection
	GlobalSection(SolutionProperties) = preSolution
		HideSolutionNode = FALSE
	EndGlobalSection
	GlobalSection(ExtensibilityGlobals) = postSolution
		SolutionGuid = {878C433A-F9A3-40F2-A276-CF6BAE511075}
	EndGlobalSection
EndGlobal
